
Microsoft Visual Studio Solution File, Format Version 12.00
# Visual Studio Version 16
VisualStudioVersion = 16.0.31624.102
MinimumVisualStudioVersion = 10.0.40219.1
Project("{FAE04EC0-301F-11D3-BF4B-00C04F79EFBC}") = "UniversalDatabaseServices", "UniversalDatabaseServices\UniversalDatabaseServices.csproj", "{912AF561-0366-4F9B-A3A0-3079EC3EDAC0}"
EndProject
Global
	GlobalSection(SolutionConfigurationPlatforms) = preSolution
		Debug|Any CPU = Debug|Any CPU
		Release|Any CPU = Release|Any CPU
	EndGlobalSection
	GlobalSection(ProjectConfigurationPlatforms) = postSolution
		{912AF561-0366-4F9B-A3A0-3079EC3EDAC0}.Debug|Any CPU.ActiveCfg = Debug|Any CPU
		{912AF561-0366-4F9B-A3A0-3079EC3EDAC0}.Debug|Any CPU.Build.0 = Debug|Any CPU
		{912AF561-0366-4F9B-A3A0-3079EC3EDAC0}.Release|Any CPU.ActiveCfg = Release|Any CPU
		{912AF561-0366-4F9B-A3A0-3079EC3EDAC0}.Release|Any CPU.Build.0 = Release|Any CPU
	EndGlobalSection
	GlobalSection(SolutionProperties) = preSolution
		HideSolutionNode = FALSE
	EndGlobalSection
	GlobalSection(ExtensibilityGlobals) = postSolution
		SolutionGuid = {FDFF878B-1704-43ED-8D13-FA319F936A6F}
	EndGlobalSection
EndGlobal
